// !$*UTF8*$!
{
	archiveVersion = 1;
	classes = {
	};
	objectVersion = 46;
	objects = {

/* Begin PBXBuildFile section */
		A70969F51DFBF0F300B934A4 /* NSObjectExtension.swift in Sources */ = {isa = PBXBuildFile; fileRef = A70969F41DFBF0F300B934A4 /* NSObjectExtension.swift */; };
		A70969FD1DFBF2F700B934A4 /* Constraints.swift in Sources */ = {isa = PBXBuildFile; fileRef = A70969FC1DFBF2F700B934A4 /* Constraints.swift */; };
		A7096A051DFBF6A100B934A4 /* SearchConditionViewController.swift in Sources */ = {isa = PBXBuildFile; fileRef = A7096A041DFBF6A100B934A4 /* SearchConditionViewController.swift */; };
		A7096A071DFBF70D00B934A4 /* SearchConditionStoryboard.storyboard in Resources */ = {isa = PBXBuildFile; fileRef = A7096A061DFBF70D00B934A4 /* SearchConditionStoryboard.storyboard */; };
		A7096A0D1DFBF84300B934A4 /* Main.storyboard in Resources */ = {isa = PBXBuildFile; fileRef = A7096A0B1DFBF84300B934A4 /* Main.storyboard */; };
		A7096A0F1DFBF85F00B934A4 /* MainViewController.swift in Sources */ = {isa = PBXBuildFile; fileRef = A7096A0E1DFBF85F00B934A4 /* MainViewController.swift */; };
		A7351CF91DFAD2C800DB67DA /* AppDelegate.swift in Sources */ = {isa = PBXBuildFile; fileRef = A7351CF81DFAD2C800DB67DA /* AppDelegate.swift */; };
		A7351D001DFAD2C800DB67DA /* Assets.xcassets in Resources */ = {isa = PBXBuildFile; fileRef = A7351CFF1DFAD2C800DB67DA /* Assets.xcassets */; };
		A7351D031DFAD2C800DB67DA /* LaunchScreen.storyboard in Resources */ = {isa = PBXBuildFile; fileRef = A7351D011DFAD2C800DB67DA /* LaunchScreen.storyboard */; };
		A74B71DF1DFC4DEE00604B35 /* WorkStyle+CoreDataClass.swift in Sources */ = {isa = PBXBuildFile; fileRef = A74B71DB1DFC4DEE00604B35 /* WorkStyle+CoreDataClass.swift */; };
		A74B71E01DFC4DEE00604B35 /* WorkStyle+CoreDataProperties.swift in Sources */ = {isa = PBXBuildFile; fileRef = A74B71DC1DFC4DEE00604B35 /* WorkStyle+CoreDataProperties.swift */; };
		A74B71E11DFC4DEE00604B35 /* SearchCondition+CoreDataClass.swift in Sources */ = {isa = PBXBuildFile; fileRef = A74B71DD1DFC4DEE00604B35 /* SearchCondition+CoreDataClass.swift */; };
		A74B71E21DFC4DEE00604B35 /* SearchCondition+CoreDataProperties.swift in Sources */ = {isa = PBXBuildFile; fileRef = A74B71DE1DFC4DEE00604B35 /* SearchCondition+CoreDataProperties.swift */; };
		A77868701DFC02B4008B979C /* ViewUtlity.swift in Sources */ = {isa = PBXBuildFile; fileRef = A778686F1DFC02B4008B979C /* ViewUtlity.swift */; };
		A77868731DFC0AA1008B979C /* WorkStyleStoryboard.storyboard in Resources */ = {isa = PBXBuildFile; fileRef = A77868721DFC0AA1008B979C /* WorkStyleStoryboard.storyboard */; };
		A778687A1DFC0B52008B979C /* SelectWorkStyleTableViewCell.swift in Sources */ = {isa = PBXBuildFile; fileRef = A77868781DFC0B52008B979C /* SelectWorkStyleTableViewCell.swift */; };
		A778687B1DFC0B52008B979C /* SelectWorkStyleTableViewCell.xib in Resources */ = {isa = PBXBuildFile; fileRef = A77868791DFC0B52008B979C /* SelectWorkStyleTableViewCell.xib */; };
		A77868801DFC0C47008B979C /* SelectWorkStyleViewController.swift in Sources */ = {isa = PBXBuildFile; fileRef = A778687F1DFC0C47008B979C /* SelectWorkStyleViewController.swift */; };
		A77868831DFC11DB008B979C /* WorkStyleTableViewCell.swift in Sources */ = {isa = PBXBuildFile; fileRef = A77868811DFC11DB008B979C /* WorkStyleTableViewCell.swift */; };
		A77868841DFC11DB008B979C /* WorkStyleTableViewCell.xib in Resources */ = {isa = PBXBuildFile; fileRef = A77868821DFC11DB008B979C /* WorkStyleTableViewCell.xib */; };
		A79A8B0B1DFC18A80023B501 /* Model.xcdatamodeld in Sources */ = {isa = PBXBuildFile; fileRef = A79A8B091DFC18A80023B501 /* Model.xcdatamodeld */; };
		A79A8B261DFC1A070023B501 /* SearchConditionManager.swift in Sources */ = {isa = PBXBuildFile; fileRef = A79A8B251DFC1A070023B501 /* SearchConditionManager.swift */; };
		A79A8B381DFC3B280023B501 /* WorkStyleManager.swift in Sources */ = {isa = PBXBuildFile; fileRef = A79A8B371DFC3B280023B501 /* WorkStyleManager.swift */; };
/* End PBXBuildFile section */

/* Begin PBXFileReference section */
		A70969F41DFBF0F300B934A4 /* NSObjectExtension.swift */ = {isa = PBXFileReference; fileEncoding = 4; lastKnownFileType = sourcecode.swift; path = NSObjectExtension.swift; sourceTree = "<group>"; };
		A70969FC1DFBF2F700B934A4 /* Constraints.swift */ = {isa = PBXFileReference; fileEncoding = 4; lastKnownFileType = sourcecode.swift; path = Constraints.swift; sourceTree = "<group>"; };
		A7096A041DFBF6A100B934A4 /* SearchConditionViewController.swift */ = {isa = PBXFileReference; fileEncoding = 4; lastKnownFileType = sourcecode.swift; path = SearchConditionViewController.swift; sourceTree = "<group>"; };
		A7096A061DFBF70D00B934A4 /* SearchConditionStoryboard.storyboard */ = {isa = PBXFileReference; fileEncoding = 4; lastKnownFileType = file.storyboard; path = SearchConditionStoryboard.storyboard; sourceTree = "<group>"; };
		A7096A0C1DFBF84300B934A4 /* Base */ = {isa = PBXFileReference; lastKnownFileType = file.storyboard; name = Base; path = CascadeDelegateSample/Base.lproj/Main.storyboard; sourceTree = SOURCE_ROOT; };
		A7096A0E1DFBF85F00B934A4 /* MainViewController.swift */ = {isa = PBXFileReference; fileEncoding = 4; lastKnownFileType = sourcecode.swift; path = MainViewController.swift; sourceTree = "<group>"; };
		A7351CF51DFAD2C800DB67DA /* CascadeDelegateSample.app */ = {isa = PBXFileReference; explicitFileType = wrapper.application; includeInIndex = 0; path = CascadeDelegateSample.app; sourceTree = BUILT_PRODUCTS_DIR; };
		A7351CF81DFAD2C800DB67DA /* AppDelegate.swift */ = {isa = PBXFileReference; lastKnownFileType = sourcecode.swift; path = AppDelegate.swift; sourceTree = "<group>"; };
		A7351CFF1DFAD2C800DB67DA /* Assets.xcassets */ = {isa = PBXFileReference; lastKnownFileType = folder.assetcatalog; name = Assets.xcassets; path = ../Assets.xcassets; sourceTree = "<group>"; };
		A7351D021DFAD2C800DB67DA /* Base */ = {isa = PBXFileReference; lastKnownFileType = file.storyboard; name = Base; path = Base.lproj/LaunchScreen.storyboard; sourceTree = "<group>"; };
		A7351D041DFAD2C800DB67DA /* Info.plist */ = {isa = PBXFileReference; lastKnownFileType = text.plist.xml; name = Info.plist; path = ../Info.plist; sourceTree = "<group>"; };
		A74B71DB1DFC4DEE00604B35 /* WorkStyle+CoreDataClass.swift */ = {isa = PBXFileReference; fileEncoding = 4; lastKnownFileType = sourcecode.swift; path = "WorkStyle+CoreDataClass.swift"; sourceTree = "<group>"; };
		A74B71DC1DFC4DEE00604B35 /* WorkStyle+CoreDataProperties.swift */ = {isa = PBXFileReference; fileEncoding = 4; lastKnownFileType = sourcecode.swift; path = "WorkStyle+CoreDataProperties.swift"; sourceTree = "<group>"; };
		A74B71DD1DFC4DEE00604B35 /* SearchCondition+CoreDataClass.swift */ = {isa = PBXFileReference; fileEncoding = 4; lastKnownFileType = sourcecode.swift; path = "SearchCondition+CoreDataClass.swift"; sourceTree = "<group>"; };
		A74B71DE1DFC4DEE00604B35 /* SearchCondition+CoreDataProperties.swift */ = {isa = PBXFileReference; fileEncoding = 4; lastKnownFileType = sourcecode.swift; path = "SearchCondition+CoreDataProperties.swift"; sourceTree = "<group>"; };
		A778686F1DFC02B4008B979C /* ViewUtlity.swift */ = {isa = PBXFileReference; fileEncoding = 4; lastKnownFileType = sourcecode.swift; path = ViewUtlity.swift; sourceTree = "<group>"; };
		A77868721DFC0AA1008B979C /* WorkStyleStoryboard.storyboard */ = {isa = PBXFileReference; fileEncoding = 4; lastKnownFileType = file.storyboard; path = WorkStyleStoryboard.storyboard; sourceTree = "<group>"; };
		A77868781DFC0B52008B979C /* SelectWorkStyleTableViewCell.swift */ = {isa = PBXFileReference; fileEncoding = 4; lastKnownFileType = sourcecode.swift; path = SelectWorkStyleTableViewCell.swift; sourceTree = "<group>"; };
		A77868791DFC0B52008B979C /* SelectWorkStyleTableViewCell.xib */ = {isa = PBXFileReference; fileEncoding = 4; lastKnownFileType = file.xib; path = SelectWorkStyleTableViewCell.xib; sourceTree = "<group>"; };
		A778687F1DFC0C47008B979C /* SelectWorkStyleViewController.swift */ = {isa = PBXFileReference; fileEncoding = 4; lastKnownFileType = sourcecode.swift; path = SelectWorkStyleViewController.swift; sourceTree = "<group>"; };
		A77868811DFC11DB008B979C /* WorkStyleTableViewCell.swift */ = {isa = PBXFileReference; fileEncoding = 4; lastKnownFileType = sourcecode.swift; path = WorkStyleTableViewCell.swift; sourceTree = "<group>"; };
		A77868821DFC11DB008B979C /* WorkStyleTableViewCell.xib */ = {isa = PBXFileReference; fileEncoding = 4; lastKnownFileType = file.xib; path = WorkStyleTableViewCell.xib; sourceTree = "<group>"; };
		A79A8B0A1DFC18A80023B501 /* Model.xcdatamodel */ = {isa = PBXFileReference; lastKnownFileType = wrapper.xcdatamodel; path = Model.xcdatamodel; sourceTree = "<group>"; };
		A79A8B251DFC1A070023B501 /* SearchConditionManager.swift */ = {isa = PBXFileReference; fileEncoding = 4; lastKnownFileType = sourcecode.swift; path = SearchConditionManager.swift; sourceTree = "<group>"; };
		A79A8B371DFC3B280023B501 /* WorkStyleManager.swift */ = {isa = PBXFileReference; fileEncoding = 4; lastKnownFileType = sourcecode.swift; path = WorkStyleManager.swift; sourceTree = "<group>"; };
/* End PBXFileReference section */

/* Begin PBXFrameworksBuildPhase section */
		A7351CF21DFAD2C800DB67DA /* Frameworks */ = {
			isa = PBXFrameworksBuildPhase;
			buildActionMask = 2147483647;
			files = (
			);
			runOnlyForDeploymentPostprocessing = 0;
		};
/* End PBXFrameworksBuildPhase section */

/* Begin PBXGroup section */
		A70969C01DFBE94900B934A4 /* CoreData */ = {
			isa = PBXGroup;
			children = (
				A74B71DB1DFC4DEE00604B35 /* WorkStyle+CoreDataClass.swift */,
				A74B71DC1DFC4DEE00604B35 /* WorkStyle+CoreDataProperties.swift */,
				A74B71DD1DFC4DEE00604B35 /* SearchCondition+CoreDataClass.swift */,
				A74B71DE1DFC4DEE00604B35 /* SearchCondition+CoreDataProperties.swift */,
				A79A8B091DFC18A80023B501 /* Model.xcdatamodeld */,
			);
			path = CoreData;
			sourceTree = "<group>";
		};
		A70969E71DFBEABD00B934A4 /* Main */ = {
			isa = PBXGroup;
			children = (
				A7096A0E1DFBF85F00B934A4 /* MainViewController.swift */,
			);
			path = Main;
			sourceTree = "<group>";
		};
		A70969EB1DFBEFE800B934A4 /* SearchCondtion */ = {
			isa = PBXGroup;
			children = (
				A7096A041DFBF6A100B934A4 /* SearchConditionViewController.swift */,
			);
			name = SearchCondtion;
			path = SearchCondition;
			sourceTree = "<group>";
		};
		A70969F21DFBF09700B934A4 /* Common */ = {
			isa = PBXGroup;
			children = (
				A70969F31DFBF0B100B934A4 /* Extension */,
				A70969FC1DFBF2F700B934A4 /* Constraints.swift */,
			);
			path = Common;
			sourceTree = "<group>";
		};
		A70969F31DFBF0B100B934A4 /* Extension */ = {
			isa = PBXGroup;
			children = (
				A70969F41DFBF0F300B934A4 /* NSObjectExtension.swift */,
			);
			path = Extension;
			sourceTree = "<group>";
		};
		A70969F81DFBF1F100B934A4 /* SearchCondition */ = {
			isa = PBXGroup;
			children = (
				A7096A061DFBF70D00B934A4 /* SearchConditionStoryboard.storyboard */,
				A77868781DFC0B52008B979C /* SelectWorkStyleTableViewCell.swift */,
				A77868791DFC0B52008B979C /* SelectWorkStyleTableViewCell.xib */,
			);
			path = SearchCondition;
			sourceTree = "<group>";
		};
		A7096A0A1DFBF83600B934A4 /* Main */ = {
			isa = PBXGroup;
			children = (
				A7096A0B1DFBF84300B934A4 /* Main.storyboard */,
			);
			name = Main;
			sourceTree = "<group>";
		};
		A7351CEC1DFAD2C800DB67DA = {
			isa = PBXGroup;
			children = (
				A7351CF71DFAD2C800DB67DA /* CascadeDelegateSample */,
				A7351CF61DFAD2C800DB67DA /* Products */,
			);
			sourceTree = "<group>";
		};
		A7351CF61DFAD2C800DB67DA /* Products */ = {
			isa = PBXGroup;
			children = (
				A7351CF51DFAD2C800DB67DA /* CascadeDelegateSample.app */,
			);
			name = Products;
			sourceTree = "<group>";
		};
		A7351CF71DFAD2C800DB67DA /* CascadeDelegateSample */ = {
			isa = PBXGroup;
			children = (
				A7351CF81DFAD2C800DB67DA /* AppDelegate.swift */,
				A77868691DFC0048008B979C /* Resource */,
				A70969F21DFBF09700B934A4 /* Common */,
				A7351D0D1DFAD34A00DB67DA /* Model */,
				A7351D0F1DFAD37900DB67DA /* ViewController */,
				A7351D0E1DFAD36300DB67DA /* View */,
			);
			path = CascadeDelegateSample;
			sourceTree = "<group>";
		};
		A7351D0D1DFAD34A00DB67DA /* Model */ = {
			isa = PBXGroup;
			children = (
				A7351D101DFAD7B900DB67DA /* Entity */,
				A7351D111DFAD7D000DB67DA /* Fetcher */,
				A7351D121DFAD7E300DB67DA /* Manager */,
			);
			path = Model;
			sourceTree = "<group>";
		};
		A7351D0E1DFAD36300DB67DA /* View */ = {
			isa = PBXGroup;
			children = (
				A77868711DFC0A3A008B979C /* WorkStyle */,
				A778686E1DFC0281008B979C /* Custom */,
				A7096A0A1DFBF83600B934A4 /* Main */,
				A70969F81DFBF1F100B934A4 /* SearchCondition */,
				A7351D011DFAD2C800DB67DA /* LaunchScreen.storyboard */,
			);
			path = View;
			sourceTree = "<group>";
		};
		A7351D0F1DFAD37900DB67DA /* ViewController */ = {
			isa = PBXGroup;
			children = (
				A778687C1DFC0C04008B979C /* SelectWorkStyle */,
				A70969EB1DFBEFE800B934A4 /* SearchCondtion */,
				A70969E71DFBEABD00B934A4 /* Main */,
			);
			path = ViewController;
			sourceTree = "<group>";
		};
		A7351D101DFAD7B900DB67DA /* Entity */ = {
			isa = PBXGroup;
			children = (
				A70969C01DFBE94900B934A4 /* CoreData */,
			);
			path = Entity;
			sourceTree = "<group>";
		};
		A7351D111DFAD7D000DB67DA /* Fetcher */ = {
			isa = PBXGroup;
			children = (
			);
			path = Fetcher;
			sourceTree = "<group>";
		};
		A7351D121DFAD7E300DB67DA /* Manager */ = {
			isa = PBXGroup;
			children = (
				A79A8B241DFC19E60023B501 /* CoreData */,
			);
			path = Manager;
			sourceTree = "<group>";
		};
		A77868691DFC0048008B979C /* Resource */ = {
			isa = PBXGroup;
			children = (
				A7351CFF1DFAD2C800DB67DA /* Assets.xcassets */,
				A7351D041DFAD2C800DB67DA /* Info.plist */,
			);
			path = Resource;
			sourceTree = "<group>";
		};
		A778686E1DFC0281008B979C /* Custom */ = {
			isa = PBXGroup;
			children = (
				A778686F1DFC02B4008B979C /* ViewUtlity.swift */,
			);
			path = Custom;
			sourceTree = "<group>";
		};
		A77868711DFC0A3A008B979C /* WorkStyle */ = {
			isa = PBXGroup;
			children = (
				A77868721DFC0AA1008B979C /* WorkStyleStoryboard.storyboard */,
				A77868811DFC11DB008B979C /* WorkStyleTableViewCell.swift */,
				A77868821DFC11DB008B979C /* WorkStyleTableViewCell.xib */,
			);
			path = WorkStyle;
			sourceTree = "<group>";
		};
		A778687C1DFC0C04008B979C /* SelectWorkStyle */ = {
			isa = PBXGroup;
			children = (
				A778687F1DFC0C47008B979C /* SelectWorkStyleViewController.swift */,
			);
			path = SelectWorkStyle;
			sourceTree = "<group>";
		};
		A79A8B241DFC19E60023B501 /* CoreData */ = {
			isa = PBXGroup;
			children = (
				A79A8B251DFC1A070023B501 /* SearchConditionManager.swift */,
				A79A8B371DFC3B280023B501 /* WorkStyleManager.swift */,
			);
			name = CoreData;
			sourceTree = "<group>";
		};
/* End PBXGroup section */

/* Begin PBXNativeTarget section */
		A7351CF41DFAD2C800DB67DA /* CascadeDelegateSample */ = {
			isa = PBXNativeTarget;
			buildConfigurationList = A7351D071DFAD2C800DB67DA /* Build configuration list for PBXNativeTarget "CascadeDelegateSample" */;
			buildPhases = (
				A7351CF11DFAD2C800DB67DA /* Sources */,
				A7351CF21DFAD2C800DB67DA /* Frameworks */,
				A7351CF31DFAD2C800DB67DA /* Resources */,
			);
			buildRules = (
			);
			dependencies = (
			);
			name = CascadeDelegateSample;
			productName = CascadeDelegateSample;
			productReference = A7351CF51DFAD2C800DB67DA /* CascadeDelegateSample.app */;
			productType = "com.apple.product-type.application";
		};
/* End PBXNativeTarget section */

/* Begin PBXProject section */
		A7351CED1DFAD2C800DB67DA /* Project object */ = {
			isa = PBXProject;
			attributes = {
				LastSwiftUpdateCheck = 0810;
				LastUpgradeCheck = 0810;
				ORGANIZATIONNAME = "WishMatch, Inc";
				TargetAttributes = {
					A7351CF41DFAD2C800DB67DA = {
						CreatedOnToolsVersion = 8.1;
						DevelopmentTeam = 68QHXLG39B;
						ProvisioningStyle = Automatic;
					};
				};
			};
			buildConfigurationList = A7351CF01DFAD2C800DB67DA /* Build configuration list for PBXProject "CascadeDelegateSample" */;
			compatibilityVersion = "Xcode 3.2";
			developmentRegion = English;
			hasScannedForEncodings = 0;
			knownRegions = (
				en,
				Base,
			);
			mainGroup = A7351CEC1DFAD2C800DB67DA;
			productRefGroup = A7351CF61DFAD2C800DB67DA /* Products */;
			projectDirPath = "";
			projectRoot = "";
			targets = (
				A7351CF41DFAD2C800DB67DA /* CascadeDelegateSample */,
			);
		};
/* End PBXProject section */

/* Begin PBXResourcesBuildPhase section */
		A7351CF31DFAD2C800DB67DA /* Resources */ = {
			isa = PBXResourcesBuildPhase;
			buildActionMask = 2147483647;
			files = (
				A778687B1DFC0B52008B979C /* SelectWorkStyleTableViewCell.xib in Resources */,
				A77868841DFC11DB008B979C /* WorkStyleTableViewCell.xib in Resources */,
				A7351D031DFAD2C800DB67DA /* LaunchScreen.storyboard in Resources */,
				A7096A0D1DFBF84300B934A4 /* Main.storyboard in Resources */,
				A7351D001DFAD2C800DB67DA /* Assets.xcassets in Resources */,
				A77868731DFC0AA1008B979C /* WorkStyleStoryboard.storyboard in Resources */,
				A7096A071DFBF70D00B934A4 /* SearchConditionStoryboard.storyboard in Resources */,
			);
			runOnlyForDeploymentPostprocessing = 0;
		};
/* End PBXResourcesBuildPhase section */

/* Begin PBXSourcesBuildPhase section */
		A7351CF11DFAD2C800DB67DA /* Sources */ = {
			isa = PBXSourcesBuildPhase;
			buildActionMask = 2147483647;
			files = (
				A79A8B381DFC3B280023B501 /* WorkStyleManager.swift in Sources */,
				A7351CF91DFAD2C800DB67DA /* AppDelegate.swift in Sources */,
				A74B71E11DFC4DEE00604B35 /* SearchCondition+CoreDataClass.swift in Sources */,
				A79A8B261DFC1A070023B501 /* SearchConditionManager.swift in Sources */,
				A77868701DFC02B4008B979C /* ViewUtlity.swift in Sources */,
				A74B71DF1DFC4DEE00604B35 /* WorkStyle+CoreDataClass.swift in Sources */,
				A77868831DFC11DB008B979C /* WorkStyleTableViewCell.swift in Sources */,
				A70969FD1DFBF2F700B934A4 /* Constraints.swift in Sources */,
				A778687A1DFC0B52008B979C /* SelectWorkStyleTableViewCell.swift in Sources */,
				A74B71E01DFC4DEE00604B35 /* WorkStyle+CoreDataProperties.swift in Sources */,
				A7096A0F1DFBF85F00B934A4 /* MainViewController.swift in Sources */,
				A74B71E21DFC4DEE00604B35 /* SearchCondition+CoreDataProperties.swift in Sources */,
				A70969F51DFBF0F300B934A4 /* NSObjectExtension.swift in Sources */,
				A79A8B0B1DFC18A80023B501 /* Model.xcdatamodeld in Sources */,
				A7096A051DFBF6A100B934A4 /* SearchConditionViewController.swift in Sources */,
				A77868801DFC0C47008B979C /* SelectWorkStyleViewController.swift in Sources */,
			);
			runOnlyForDeploymentPostprocessing = 0;
		};
/* End PBXSourcesBuildPhase section */

/* Begin PBXVariantGroup section */
		A7096A0B1DFBF84300B934A4 /* Main.storyboard */ = {
			isa = PBXVariantGroup;
			children = (
				A7096A0C1DFBF84300B934A4 /* Base */,
			);
			name = Main.storyboard;
			sourceTree = "<group>";
		};
		A7351D011DFAD2C800DB67DA /* LaunchScreen.storyboard */ = {
			isa = PBXVariantGroup;
			children = (
				A7351D021DFAD2C800DB67DA /* Base */,
			);
			name = LaunchScreen.storyboard;
			path = ..;
			sourceTree = "<group>";
		};
/* End PBXVariantGroup section */

/* Begin XCBuildConfiguration section */
		A7351D051DFAD2C800DB67DA /* Debug */ = {
			isa = XCBuildConfiguration;
			buildSettings = {
				ALWAYS_SEARCH_USER_PATHS = NO;
				CLANG_ANALYZER_NONNULL = YES;
				CLANG_CXX_LANGUAGE_STANDARD = "gnu++0x";
				CLANG_CXX_LIBRARY = "libc++";
				CLANG_ENABLE_MODULES = YES;
				CLANG_ENABLE_OBJC_ARC = YES;
				CLANG_WARN_BOOL_CONVERSION = YES;
				CLANG_WARN_CONSTANT_CONVERSION = YES;
				CLANG_WARN_DIRECT_OBJC_ISA_USAGE = YES_ERROR;
				CLANG_WARN_DOCUMENTATION_COMMENTS = YES;
				CLANG_WARN_EMPTY_BODY = YES;
				CLANG_WARN_ENUM_CONVERSION = YES;
				CLANG_WARN_INFINITE_RECURSION = YES;
				CLANG_WARN_INT_CONVERSION = YES;
				CLANG_WARN_OBJC_ROOT_CLASS = YES_ERROR;
				CLANG_WARN_SUSPICIOUS_MOVES = YES;
				CLANG_WARN_UNREACHABLE_CODE = YES;
				CLANG_WARN__DUPLICATE_METHOD_MATCH = YES;
				"CODE_SIGN_IDENTITY[sdk=iphoneos*]" = "iPhone Developer";
				COPY_PHASE_STRIP = NO;
				DEBUG_INFORMATION_FORMAT = dwarf;
				ENABLE_STRICT_OBJC_MSGSEND = YES;
				ENABLE_TESTABILITY = YES;
				GCC_C_LANGUAGE_STANDARD = gnu99;
				GCC_DYNAMIC_NO_PIC = NO;
				GCC_NO_COMMON_BLOCKS = YES;
				GCC_OPTIMIZATION_LEVEL = 0;
				GCC_PREPROCESSOR_DEFINITIONS = (
					"DEBUG=1",
					"$(inherited)",
				);
				GCC_WARN_64_TO_32_BIT_CONVERSION = YES;
				GCC_WARN_ABOUT_RETURN_TYPE = YES_ERROR;
				GCC_WARN_UNDECLARED_SELECTOR = YES;
				GCC_WARN_UNINITIALIZED_AUTOS = YES_AGGRESSIVE;
				GCC_WARN_UNUSED_FUNCTION = YES;
				GCC_WARN_UNUSED_VARIABLE = YES;
				IPHONEOS_DEPLOYMENT_TARGET = 10.1;
				MTL_ENABLE_DEBUG_INFO = YES;
				ONLY_ACTIVE_ARCH = YES;
				SDKROOT = iphoneos;
				SWIFT_ACTIVE_COMPILATION_CONDITIONS = DEBUG;
				SWIFT_OPTIMIZATION_LEVEL = "-Onone";
				TARGETED_DEVICE_FAMILY = "1,2";
			};
			name = Debug;
		};
		A7351D061DFAD2C800DB67DA /* Release */ = {
			isa = XCBuildConfiguration;
			buildSettings = {
				ALWAYS_SEARCH_USER_PATHS = NO;
				CLANG_ANALYZER_NONNULL = YES;
				CLANG_CXX_LANGUAGE_STANDARD = "gnu++0x";
				CLANG_CXX_LIBRARY = "libc++";
				CLANG_ENABLE_MODULES = YES;
				CLANG_ENABLE_OBJC_ARC = YES;
				CLANG_WARN_BOOL_CONVERSION = YES;
				CLANG_WARN_CONSTANT_CONVERSION = YES;
				CLANG_WARN_DIRECT_OBJC_ISA_USAGE = YES_ERROR;
				CLANG_WARN_DOCUMENTATION_COMMENTS = YES;
				CLANG_WARN_EMPTY_BODY = YES;
				CLANG_WARN_ENUM_CONVERSION = YES;
				CLANG_WARN_INFINITE_RECURSION = YES;
				CLANG_WARN_INT_CONVERSION = YES;
				CLANG_WARN_OBJC_ROOT_CLASS = YES_ERROR;
				CLANG_WARN_SUSPICIOUS_MOVES = YES;
				CLANG_WARN_UNREACHABLE_CODE = YES;
				CLANG_WARN__DUPLICATE_METHOD_MATCH = YES;
				"CODE_SIGN_IDENTITY[sdk=iphoneos*]" = "iPhone Developer";
				COPY_PHASE_STRIP = NO;
				DEBUG_INFORMATION_FORMAT = "dwarf-with-dsym";
				ENABLE_NS_ASSERTIONS = NO;
				ENABLE_STRICT_OBJC_MSGSEND = YES;
				GCC_C_LANGUAGE_STANDARD = gnu99;
				GCC_NO_COMMON_BLOCKS = YES;
				GCC_WARN_64_TO_32_BIT_CONVERSION = YES;
				GCC_WARN_ABOUT_RETURN_TYPE = YES_ERROR;
				GCC_WARN_UNDECLARED_SELECTOR = YES;
				GCC_WARN_UNINITIALIZED_AUTOS = YES_AGGRESSIVE;
				GCC_WARN_UNUSED_FUNCTION = YES;
				GCC_WARN_UNUSED_VARIABLE = YES;
				IPHONEOS_DEPLOYMENT_TARGET = 10.1;
				MTL_ENABLE_DEBUG_INFO = NO;
				SDKROOT = iphoneos;
				SWIFT_OPTIMIZATION_LEVEL = "-Owholemodule";
				TARGETED_DEVICE_FAMILY = "1,2";
				VALIDATE_PRODUCT = YES;
			};
			name = Release;
		};
		A7351D081DFAD2C800DB67DA /* Debug */ = {
			isa = XCBuildConfiguration;
			buildSettings = {
				ASSETCATALOG_COMPILER_APPICON_NAME = AppIcon;
				DEVELOPMENT_TEAM = 68QHXLG39B;
				INFOPLIST_FILE = CascadeDelegateSample/Info.plist;
				LD_RUNPATH_SEARCH_PATHS = "$(inherited) @executable_path/Frameworks";
				PRODUCT_BUNDLE_IDENTIFIER = jp.wishmatch.CascadeDelegateSample;
				PRODUCT_NAME = "$(TARGET_NAME)";
				SWIFT_VERSION = 3.0;
			};
			name = Debug;
		};
		A7351D091DFAD2C800DB67DA /* Release */ = {
			isa = XCBuildConfiguration;
			buildSettings = {
				ASSETCATALOG_COMPILER_APPICON_NAME = AppIcon;
				DEVELOPMENT_TEAM = 68QHXLG39B;
				INFOPLIST_FILE = CascadeDelegateSample/Info.plist;
				LD_RUNPATH_SEARCH_PATHS = "$(inherited) @executable_path/Frameworks";
				PRODUCT_BUNDLE_IDENTIFIER = jp.wishmatch.CascadeDelegateSample;
				PRODUCT_NAME = "$(TARGET_NAME)";
				SWIFT_VERSION = 3.0;
			};
			name = Release;
		};
/* End XCBuildConfiguration section */

/* Begin XCConfigurationList section */
		A7351CF01DFAD2C800DB67DA /* Build configuration list for PBXProject "CascadeDelegateSample" */ = {
			isa = XCConfigurationList;
			buildConfigurations = (
				A7351D051DFAD2C800DB67DA /* Debug */,
				A7351D061DFAD2C800DB67DA /* Release */,
			);
			defaultConfigurationIsVisible = 0;
			defaultConfigurationName = Release;
		};
		A7351D071DFAD2C800DB67DA /* Build configuration list for PBXNativeTarget "CascadeDelegateSample" */ = {
			isa = XCConfigurationList;
			buildConfigurations = (
				A7351D081DFAD2C800DB67DA /* Debug */,
				A7351D091DFAD2C800DB67DA /* Release */,
			);
			defaultConfigurationIsVisible = 0;
			defaultConfigurationName = Release;
		};
/* End XCConfigurationList section */

/* Begin XCVersionGroup section */
		A79A8B091DFC18A80023B501 /* Model.xcdatamodeld */ = {
			isa = XCVersionGroup;
			children = (
				A79A8B0A1DFC18A80023B501 /* Model.xcdatamodel */,
			);
			currentVersion = A79A8B0A1DFC18A80023B501 /* Model.xcdatamodel */;
			path = Model.xcdatamodeld;
			sourceTree = "<group>";
			versionGroupType = wrapper.xcdatamodel;
		};
/* End XCVersionGroup section */
	};
	rootObject = A7351CED1DFAD2C800DB67DA /* Project object */;
}
